
Microsoft Visual Studio Solution File, Format Version 12.00
# Visual Studio Version 16
VisualStudioVersion = 16.0.29926.136
MinimumVisualStudioVersion = 10.0.40219.1
Project("{FAE04EC0-301F-11D3-BF4B-00C04F79EFBC}") = "Employees", "Employees\Employees.csproj", "{20C7ADD3-6E53-4264-978E-7AB28EB33F05}"
EndProject
Global
	GlobalSection(SolutionConfigurationPlatforms) = preSolution
		Debug|Any CPU = Debug|Any CPU
		Release|Any CPU = Release|Any CPU
	EndGlobalSection
	GlobalSection(ProjectConfigurationPlatforms) = postSolution
		{20C7ADD3-6E53-4264-978E-7AB28EB33F05}.Debug|Any CPU.ActiveCfg = Debug|Any CPU
		{20C7ADD3-6E53-4264-978E-7AB28EB33F05}.Debug|Any CPU.Build.0 = Debug|Any CPU
		{20C7ADD3-6E53-4264-978E-7AB28EB33F05}.Release|Any CPU.ActiveCfg = Release|Any CPU
		{20C7ADD3-6E53-4264-978E-7AB28EB33F05}.Release|Any CPU.Build.0 = Release|Any CPU
	EndGlobalSection
	GlobalSection(SolutionProperties) = preSolution
		HideSolutionNode = FALSE
	EndGlobalSection
	GlobalSection(ExtensibilityGlobals) = postSolution
		SolutionGuid = {1563C844-E064-46E2-8686-E8E50BF763CC}
	EndGlobalSection
EndGlobal
